
Microsoft Visual Studio Solution File, Format Version 12.00
# Visual Studio Version 16
VisualStudioVersion = 16.0.31229.75
MinimumVisualStudioVersion = 10.0.40219.1
Project("{FAE04EC0-301F-11D3-BF4B-00C04F79EFBC}") = "AppAzureBlob.UWP", "AppAzureBlob\AppAzureBlob.UWP\AppAzureBlob.UWP.csproj", "{B009E78E-2E58-4760-868E-CE417BEDA6FB}"
EndProject
Project("{FAE04EC0-301F-11D3-BF4B-00C04F79EFBC}") = "AppAzureBlob.Android", "AppAzureBlob\AppAzureBlob.Android\AppAzureBlob.Android.csproj", "{90ABD974-C403-446D-9B72-F7EF9C939703}"
EndProject
Project("{FAE04EC0-301F-11D3-BF4B-00C04F79EFBC}") = "AppAzureBlob.iOS", "AppAzureBlob\AppAzureBlob.iOS\AppAzureBlob.iOS.csproj", "{06324D26-D82D-44D7-8CD0-C6E8C298A848}"
EndProject
Project("{FAE04EC0-301F-11D3-BF4B-00C04F79EFBC}") = "AppAzureBlob", "AppAzureBlob\AppAzureBlob\AppAzureBlob.csproj", "{7E1CC4CF-61A2-40EC-9ED7-DF24BBABC017}"
EndProject
Global
	GlobalSection(SolutionConfigurationPlatforms) = preSolution
		Debug|Any CPU = Debug|Any CPU
		Debug|ARM = Debug|ARM
		Debug|iPhone = Debug|iPhone
		Debug|iPhoneSimulator = Debug|iPhoneSimulator
		Debug|x64 = Debug|x64
		Debug|x86 = Debug|x86
		Release|Any CPU = Release|Any CPU
		Release|ARM = Release|ARM
		Release|iPhone = Release|iPhone
		Release|iPhoneSimulator = Release|iPhoneSimulator
		Release|x64 = Release|x64
		Release|x86 = Release|x86
	EndGlobalSection
	GlobalSection(ProjectConfigurationPlatforms) = postSolution
		{B009E78E-2E58-4760-868E-CE417BEDA6FB}.Debug|Any CPU.ActiveCfg = Debug|x86
		{B009E78E-2E58-4760-868E-CE417BEDA6FB}.Debug|Any CPU.Build.0 = Debug|x86
		{B009E78E-2E58-4760-868E-CE417BEDA6FB}.Debug|Any CPU.Deploy.0 = Debug|x86
		{B009E78E-2E58-4760-868E-CE417BEDA6FB}.Debug|ARM.ActiveCfg = Debug|ARM
		{B009E78E-2E58-4760-868E-CE417BEDA6FB}.Debug|ARM.Build.0 = Debug|ARM
		{B009E78E-2E58-4760-868E-CE417BEDA6FB}.Debug|ARM.Deploy.0 = Debug|ARM
		{B009E78E-2E58-4760-868E-CE417BEDA6FB}.Debug|iPhone.ActiveCfg = Debug|x86
		{B009E78E-2E58-4760-868E-CE417BEDA6FB}.Debug|iPhone.Build.0 = Debug|x86
		{B009E78E-2E58-4760-868E-CE417BEDA6FB}.Debug|iPhone.Deploy.0 = Debug|x86
		{B009E78E-2E58-4760-868E-CE417BEDA6FB}.Debug|iPhoneSimulator.ActiveCfg = Debug|x86
		{B009E78E-2E58-4760-868E-CE417BEDA6FB}.Debug|iPhoneSimulator.Build.0 = Debug|x86
		{B009E78E-2E58-4760-868E-CE417BEDA6FB}.Debug|iPhoneSimulator.Deploy.0 = Debug|x86
		{B009E78E-2E58-4760-868E-CE417BEDA6FB}.Debug|x64.ActiveCfg = Debug|x64
		{B009E78E-2E58-4760-868E-CE417BEDA6FB}.Debug|x64.Build.0 = Debug|x64
		{B009E78E-2E58-4760-868E-CE417BEDA6FB}.Debug|x64.Deploy.0 = Debug|x64
		{B009E78E-2E58-4760-868E-CE417BEDA6FB}.Debug|x86.ActiveCfg = Debug|x86
		{B009E78E-2E58-4760-868E-CE417BEDA6FB}.Debug|x86.Build.0 = Debug|x86
		{B009E78E-2E58-4760-868E-CE417BEDA6FB}.Debug|x86.Deploy.0 = Debug|x86
		{B009E78E-2E58-4760-868E-CE417BEDA6FB}.Release|Any CPU.ActiveCfg = Release|x86
		{B009E78E-2E58-4760-868E-CE417BEDA6FB}.Release|Any CPU.Build.0 = Release|x86
		{B009E78E-2E58-4760-868E-CE417BEDA6FB}.Release|Any CPU.Deploy.0 = Release|x86
		{B009E78E-2E58-4760-868E-CE417BEDA6FB}.Release|ARM.ActiveCfg = Release|ARM
		{B009E78E-2E58-4760-868E-CE417BEDA6FB}.Release|ARM.Build.0 = Release|ARM
		{B009E78E-2E58-4760-868E-CE417BEDA6FB}.Release|ARM.Deploy.0 = Release|ARM
		{B009E78E-2E58-4760-868E-CE417BEDA6FB}.Release|iPhone.ActiveCfg = Release|x86
		{B009E78E-2E58-4760-868E-CE417BEDA6FB}.Release|iPhone.Build.0 = Release|x86
		{B009E78E-2E58-4760-868E-CE417BEDA6FB}.Release|iPhone.Deploy.0 = Release|x86
		{B009E78E-2E58-4760-868E-CE417BEDA6FB}.Release|iPhoneSimulator.ActiveCfg = Release|x86
		{B009E78E-2E58-4760-868E-CE417BEDA6FB}.Release|iPhoneSimulator.Build.0 = Release|x86
		{B009E78E-2E58-4760-868E-CE417BEDA6FB}.Release|iPhoneSimulator.Deploy.0 = Release|x86
		{B009E78E-2E58-4760-868E-CE417BEDA6FB}.Release|x64.ActiveCfg = Release|x64
		{B009E78E-2E58-4760-868E-CE417BEDA6FB}.Release|x64.Build.0 = Release|x64
		{B009E78E-2E58-4760-868E-CE417BEDA6FB}.Release|x64.Deploy.0 = Release|x64
		{B009E78E-2E58-4760-868E-CE417BEDA6FB}.Release|x86.ActiveCfg = Release|x86
		{B009E78E-2E58-4760-868E-CE417BEDA6FB}.Release|x86.Build.0 = Release|x86
		{B009E78E-2E58-4760-868E-CE417BEDA6FB}.Release|x86.Deploy.0 = Release|x86
		{90ABD974-C403-446D-9B72-F7EF9C939703}.Debug|Any CPU.ActiveCfg = Debug|Any CPU
		{90ABD974-C403-446D-9B72-F7EF9C939703}.Debug|Any CPU.Build.0 = Debug|Any CPU
		{90ABD974-C403-446D-9B72-F7EF9C939703}.Debug|Any CPU.Deploy.0 = Debug|Any CPU
		{90ABD974-C403-446D-9B72-F7EF9C939703}.Debug|ARM.ActiveCfg = Debug|Any CPU
		{90ABD974-C403-446D-9B72-F7EF9C939703}.Debug|ARM.Build.0 = Debug|Any CPU
		{90ABD974-C403-446D-9B72-F7EF9C939703}.Debug|ARM.Deploy.0 = Debug|Any CPU
		{90ABD974-C403-446D-9B72-F7EF9C939703}.Debug|iPhone.ActiveCfg = Debug|Any CPU
		{90ABD974-C403-446D-9B72-F7EF9C939703}.Debug|iPhone.Build.0 = Debug|Any CPU
		{90ABD974-C403-446D-9B72-F7EF9C939703}.Debug|iPhone.Deploy.0 = Debug|Any CPU
		{90ABD974-C403-446D-9B72-F7EF9C939703}.Debug|iPhoneSimulator.ActiveCfg = Debug|Any CPU
		{90ABD974-C403-446D-9B72-F7EF9C939703}.Debug|iPhoneSimulator.Build.0 = Debug|Any CPU
		{90ABD974-C403-446D-9B72-F7EF9C939703}.Debug|iPhoneSimulator.Deploy.0 = Debug|Any CPU
		{90ABD974-C403-446D-9B72-F7EF9C939703}.Debug|x64.ActiveCfg = Debug|Any CPU
		{90ABD974-C403-446D-9B72-F7EF9C939703}.Debug|x64.Build.0 = Debug|Any CPU
		{90ABD974-C403-446D-9B72-F7EF9C939703}.Debug|x64.Deploy.0 = Debug|Any CPU
		{90ABD974-C403-446D-9B72-F7EF9C939703}.Debug|x86.ActiveCfg = Debug|Any CPU
		{90ABD974-C403-446D-9B72-F7EF9C939703}.Debug|x86.Build.0 = Debug|Any CPU
		{90ABD974-C403-446D-9B72-F7EF9C939703}.Debug|x86.Deploy.0 = Debug|Any CPU
		{90ABD974-C403-446D-9B72-F7EF9C939703}.Release|Any CPU.ActiveCfg = Release|Any CPU
		{90ABD974-C403-446D-9B72-F7EF9C939703}.Release|Any CPU.Build.0 = Release|Any CPU
		{90ABD974-C403-446D-9B72-F7EF9C939703}.Release|Any CPU.Deploy.0 = Release|Any CPU
		{90ABD974-C403-446D-9B72-F7EF9C939703}.Release|ARM.ActiveCfg = Release|Any CPU
		{90ABD974-C403-446D-9B72-F7EF9C939703}.Release|ARM.Build.0 = Release|Any CPU
		{90ABD974-C403-446D-9B72-F7EF9C939703}.Release|ARM.Deploy.0 = Release|Any CPU
		{90ABD974-C403-446D-9B72-F7EF9C939703}.Release|iPhone.ActiveCfg = Release|Any CPU
		{90ABD974-C403-446D-9B72-F7EF9C939703}.Release|iPhone.Build.0 = Release|Any CPU
		{90ABD974-C403-446D-9B72-F7EF9C939703}.Release|iPhone.Deploy.0 = Release|Any CPU
		{90ABD974-C403-446D-9B72-F7EF9C939703}.Release|iPhoneSimulator.ActiveCfg = Release|Any CPU
		{90ABD974-C403-446D-9B72-F7EF9C939703}.Release|iPhoneSimulator.Build.0 = Release|Any CPU
		{90ABD974-C403-446D-9B72-F7EF9C939703}.Release|iPhoneSimulator.Deploy.0 = Release|Any CPU
		{90ABD974-C403-446D-9B72-F7EF9C939703}.Release|x64.ActiveCfg = Release|Any CPU
		{90ABD974-C403-446D-9B72-F7EF9C939703}.Release|x64.Build.0 = Release|Any CPU
		{90ABD974-C403-446D-9B72-F7EF9C939703}.Release|x64.Deploy.0 = Release|Any CPU
		{90ABD974-C403-446D-9B72-F7EF9C939703}.Release|x86.ActiveCfg = Release|Any CPU
		{90ABD974-C403-446D-9B72-F7EF9C939703}.Release|x86.Build.0 = Release|Any CPU
		{90ABD974-C403-446D-9B72-F7EF9C939703}.Release|x86.Deploy.0 = Release|Any CPU
		{06324D26-D82D-44D7-8CD0-C6E8C298A848}.Debug|Any CPU.ActiveCfg = Debug|iPhoneSimulator
		{06324D26-D82D-44D7-8CD0-C6E8C298A848}.Debug|Any CPU.Build.0 = Debug|iPhoneSimulator
		{06324D26-D82D-44D7-8CD0-C6E8C298A848}.Debug|Any CPU.Deploy.0 = Debug|iPhoneSimulator
		{06324D26-D82D-44D7-8CD0-C6E8C298A848}.Debug|ARM.ActiveCfg = Debug|iPhone
		{06324D26-D82D-44D7-8CD0-C6E8C298A848}.Debug|ARM.Build.0 = Debug|iPhone
		{06324D26-D82D-44D7-8CD0-C6E8C298A848}.Debug|ARM.Deploy.0 = Debug|iPhone
		{06324D26-D82D-44D7-8CD0-C6E8C298A848}.Debug|iPhone.ActiveCfg = Debug|iPhone
		{06324D26-D82D-44D7-8CD0-C6E8C298A848}.Debug|iPhone.Build.0 = Debug|iPhone
		{06324D26-D82D-44D7-8CD0-C6E8C298A848}.Debug|iPhone.Deploy.0 = Debug|iPhone
		{06324D26-D82D-44D7-8CD0-C6E8C298A848}.Debug|iPhoneSimulator.ActiveCfg = Debug|iPhoneSimulator
		{06324D26-D82D-44D7-8CD0-C6E8C298A848}.Debug|iPhoneSimulator.Build.0 = Debug|iPhoneSimulator
		{06324D26-D82D-44D7-8CD0-C6E8C298A848}.Debug|iPhoneSimulator.Deploy.0 = Debug|iPhoneSimulator
		{06324D26-D82D-44D7-8CD0-C6E8C298A848}.Debug|x64.ActiveCfg = Debug|iPhoneSimulator
		{06324D26-D82D-44D7-8CD0-C6E8C298A848}.Debug|x64.Build.0 = Debug|iPhoneSimulator
		{06324D26-D82D-44D7-8CD0-C6E8C298A848}.Debug|x64.Deploy.0 = Debug|iPhoneSimulator
		{06324D26-D82D-44D7-8CD0-C6E8C298A848}.Debug|x86.ActiveCfg = Debug|iPhoneSimulator
		{06324D26-D82D-44D7-8CD0-C6E8C298A848}.Debug|x86.Build.0 = Debug|iPhoneSimulator
		{06324D26-D82D-44D7-8CD0-C6E8C298A848}.Debug|x86.Deploy.0 = Debug|iPhoneSimulator
		{06324D26-D82D-44D7-8CD0-C6E8C298A848}.Release|Any CPU.ActiveCfg = Release|iPhoneSimulator
		{06324D26-D82D-44D7-8CD0-C6E8C298A848}.Release|Any CPU.Build.0 = Release|iPhoneSimulator
		{06324D26-D82D-44D7-8CD0-C6E8C298A848}.Release|Any CPU.Deploy.0 = Release|iPhoneSimulator
		{06324D26-D82D-44D7-8CD0-C6E8C298A848}.Release|ARM.ActiveCfg = Release|iPhoneSimulator
		{06324D26-D82D-44D7-8CD0-C6E8C298A848}.Release|ARM.Build.0 = Release|iPhoneSimulator
		{06324D26-D82D-44D7-8CD0-C6E8C298A848}.Release|ARM.Deploy.0 = Release|iPhoneSimulator
		{06324D26-D82D-44D7-8CD0-C6E8C298A848}.Release|iPhone.ActiveCfg = Release|iPhone
		{06324D26-D82D-44D7-8CD0-C6E8C298A848}.Release|iPhone.Build.0 = Release|iPhone
		{06324D26-D82D-44D7-8CD0-C6E8C298A848}.Release|iPhone.Deploy.0 = Release|iPhone
		{06324D26-D82D-44D7-8CD0-C6E8C298A848}.Release|iPhoneSimulator.ActiveCfg = Release|iPhoneSimulator
		{06324D26-D82D-44D7-8CD0-C6E8C298A848}.Release|iPhoneSimulator.Build.0 = Release|iPhoneSimulator
		{06324D26-D82D-44D7-8CD0-C6E8C298A848}.Release|iPhoneSimulator.Deploy.0 = Release|iPhoneSimulator
		{06324D26-D82D-44D7-8CD0-C6E8C298A848}.Release|x64.ActiveCfg = Release|iPhoneSimulator
		{06324D26-D82D-44D7-8CD0-C6E8C298A848}.Release|x64.Build.0 = Release|iPhoneSimulator
		{06324D26-D82D-44D7-8CD0-C6E8C298A848}.Release|x64.Deploy.0 = Release|iPhoneSimulator
		{06324D26-D82D-44D7-8CD0-C6E8C298A848}.Release|x86.ActiveCfg = Release|iPhoneSimulator
		{06324D26-D82D-44D7-8CD0-C6E8C298A848}.Release|x86.Build.0 = Release|iPhoneSimulator
		{06324D26-D82D-44D7-8CD0-C6E8C298A848}.Release|x86.Deploy.0 = Release|iPhoneSimulator
		{7E1CC4CF-61A2-40EC-9ED7-DF24BBABC017}.Debug|Any CPU.ActiveCfg = Debug|Any CPU
		{7E1CC4CF-61A2-40EC-9ED7-DF24BBABC017}.Debug|Any CPU.Build.0 = Debug|Any CPU
		{7E1CC4CF-61A2-40EC-9ED7-DF24BBABC017}.Debug|Any CPU.Deploy.0 = Debug|Any CPU
		{7E1CC4CF-61A2-40EC-9ED7-DF24BBABC017}.Debug|ARM.ActiveCfg = Debug|Any CPU
		{7E1CC4CF-61A2-40EC-9ED7-DF24BBABC017}.Debug|ARM.Build.0 = Debug|Any CPU
		{7E1CC4CF-61A2-40EC-9ED7-DF24BBABC017}.Debug|ARM.Deploy.0 = Debug|Any CPU
		{7E1CC4CF-61A2-40EC-9ED7-DF24BBABC017}.Debug|iPhone.ActiveCfg = Debug|Any CPU
		{7E1CC4CF-61A2-40EC-9ED7-DF24BBABC017}.Debug|iPhone.Build.0 = Debug|Any CPU
		{7E1CC4CF-61A2-40EC-9ED7-DF24BBABC017}.Debug|iPhone.Deploy.0 = Debug|Any CPU
		{7E1CC4CF-61A2-40EC-9ED7-DF24BBABC017}.Debug|iPhoneSimulator.ActiveCfg = Debug|Any CPU
		{7E1CC4CF-61A2-40EC-9ED7-DF24BBABC017}.Debug|iPhoneSimulator.Build.0 = Debug|Any CPU
		{7E1CC4CF-61A2-40EC-9ED7-DF24BBABC017}.Debug|iPhoneSimulator.Deploy.0 = Debug|Any CPU
		{7E1CC4CF-61A2-40EC-9ED7-DF24BBABC017}.Debug|x64.ActiveCfg = Debug|Any CPU
		{7E1CC4CF-61A2-40EC-9ED7-DF24BBABC017}.Debug|x64.Build.0 = Debug|Any CPU
		{7E1CC4CF-61A2-40EC-9ED7-DF24BBABC017}.Debug|x64.Deploy.0 = Debug|Any CPU
		{7E1CC4CF-61A2-40EC-9ED7-DF24BBABC017}.Debug|x86.ActiveCfg = Debug|Any CPU
		{7E1CC4CF-61A2-40EC-9ED7-DF24BBABC017}.Debug|x86.Build.0 = Debug|Any CPU
		{7E1CC4CF-61A2-40EC-9ED7-DF24BBABC017}.Debug|x86.Deploy.0 = Debug|Any CPU
		{7E1CC4CF-61A2-40EC-9ED7-DF24BBABC017}.Release|Any CPU.ActiveCfg = Release|Any CPU
		{7E1CC4CF-61A2-40EC-9ED7-DF24BBABC017}.Release|Any CPU.Build.0 = Release|Any CPU
		{7E1CC4CF-61A2-40EC-9ED7-DF24BBABC017}.Release|Any CPU.Deploy.0 = Release|Any CPU
		{7E1CC4CF-61A2-40EC-9ED7-DF24BBABC017}.Release|ARM.ActiveCfg = Release|Any CPU
		{7E1CC4CF-61A2-40EC-9ED7-DF24BBABC017}.Release|ARM.Build.0 = Release|Any CPU
		{7E1CC4CF-61A2-40EC-9ED7-DF24BBABC017}.Release|ARM.Deploy.0 = Release|Any CPU
		{7E1CC4CF-61A2-40EC-9ED7-DF24BBABC017}.Release|iPhone.ActiveCfg = Release|Any CPU
		{7E1CC4CF-61A2-40EC-9ED7-DF24BBABC017}.Release|iPhone.Build.0 = Release|Any CPU
		{7E1CC4CF-61A2-40EC-9ED7-DF24BBABC017}.Release|iPhone.Deploy.0 = Release|Any CPU
		{7E1CC4CF-61A2-40EC-9ED7-DF24BBABC017}.Release|iPhoneSimulator.ActiveCfg = Release|Any CPU
		{7E1CC4CF-61A2-40EC-9ED7-DF24BBABC017}.Release|iPhoneSimulator.Build.0 = Release|Any CPU
		{7E1CC4CF-61A2-40EC-9ED7-DF24BBABC017}.Release|iPhoneSimulator.Deploy.0 = Release|Any CPU
		{7E1CC4CF-61A2-40EC-9ED7-DF24BBABC017}.Release|x64.ActiveCfg = Release|Any CPU
		{7E1CC4CF-61A2-40EC-9ED7-DF24BBABC017}.Release|x64.Build.0 = Release|Any CPU
		{7E1CC4CF-61A2-40EC-9ED7-DF24BBABC017}.Release|x64.Deploy.0 = Release|Any CPU
		{7E1CC4CF-61A2-40EC-9ED7-DF24BBABC017}.Release|x86.ActiveCfg = Release|Any CPU
		{7E1CC4CF-61A2-40EC-9ED7-DF24BBABC017}.Release|x86.Build.0 = Release|Any CPU
		{7E1CC4CF-61A2-40EC-9ED7-DF24BBABC017}.Release|x86.Deploy.0 = Release|Any CPU
	EndGlobalSection
	GlobalSection(SolutionProperties) = preSolution
		HideSolutionNode = FALSE
	EndGlobalSection
	GlobalSection(ExtensibilityGlobals) = postSolution
		SolutionGuid = {18414FB1-77C1-4F34-9875-0266B0E09167}
	EndGlobalSection
EndGlobal
